
Microsoft Visual Studio Solution File, Format Version 12.00
# Visual Studio Version 16
VisualStudioVersion = 16.0.29728.190
MinimumVisualStudioVersion = 10.0.40219.1
Project("{F184B08F-C81C-45F6-A57F-5ABD9991F28F}") = "ELDIS.Client", "ELP - GrandTheftAustria\ELDIS.Client.vbproj", "{53C63C9B-6DCE-4C19-95FF-11C65B9B9ECD}"
EndProject
Project("{F184B08F-C81C-45F6-A57F-5ABD9991F28F}") = "ELDIS.Server", "ELDIS.Server\ELDIS.Server.vbproj", "{C64BB988-ED24-4864-AB87-ADF03AF18259}"
EndProject
Global
	GlobalSection(SolutionConfigurationPlatforms) = preSolution
		Debug|Any CPU = Debug|Any CPU
		Release|Any CPU = Release|Any CPU
	EndGlobalSection
	GlobalSection(ProjectConfigurationPlatforms) = postSolution
		{53C63C9B-6DCE-4C19-95FF-11C65B9B9ECD}.Debug|Any CPU.ActiveCfg = Debug|Any CPU
		{53C63C9B-6DCE-4C19-95FF-11C65B9B9ECD}.Debug|Any CPU.Build.0 = Debug|Any CPU
		{53C63C9B-6DCE-4C19-95FF-11C65B9B9ECD}.Release|Any CPU.ActiveCfg = Release|Any CPU
		{53C63C9B-6DCE-4C19-95FF-11C65B9B9ECD}.Release|Any CPU.Build.0 = Release|Any CPU
		{C64BB988-ED24-4864-AB87-ADF03AF18259}.Debug|Any CPU.ActiveCfg = Debug|Any CPU
		{C64BB988-ED24-4864-AB87-ADF03AF18259}.Debug|Any CPU.Build.0 = Debug|Any CPU
		{C64BB988-ED24-4864-AB87-ADF03AF18259}.Release|Any CPU.ActiveCfg = Release|Any CPU
		{C64BB988-ED24-4864-AB87-ADF03AF18259}.Release|Any CPU.Build.0 = Release|Any CPU
	EndGlobalSection
	GlobalSection(SolutionProperties) = preSolution
		HideSolutionNode = FALSE
	EndGlobalSection
	GlobalSection(ExtensibilityGlobals) = postSolution
		SolutionGuid = {43394001-41B7-471A-90A2-AAE85A075851}
	EndGlobalSection
EndGlobal
